{
  "version": 4,
  "terraform_version": "0.12.10",
  "serial": 31,
  "lineage": "92eb9ee3-7a56-3301-73e1-70aa313e0658",
  "outputs": {
    "kube-master-1-ip": {
      "value": [
        "35.224.185.65"
      ],
      "type": [
        "tuple",
        [
          "string"
        ]
      ]
    },
    "kube-node-1-ip": {
      "value": [
        "35.222.87.235"
      ],
      "type": [
        "tuple",
        [
          "string"
        ]
      ]
    }
  },
  "resources": [
    {
      "mode": "data",
      "type": "template_file",
      "name": "inventory",
      "provider": "provider.template",
      "instances": []
    },
    {
      "mode": "managed",
      "type": "google_compute_firewall",
      "name": "kube-firewall",
      "provider": "provider.google",
      "instances": [
        {
          "schema_version": 1,
          "attributes": {
            "allow": [
              {
                "ports": [
                  "22"
                ],
                "protocol": "tcp"
              },
              {
                "ports": [],
                "protocol": "icmp"
              }
            ],
            "creation_timestamp": "2020-02-20T18:49:25.737-08:00",
            "deny": [],
            "description": "",
            "destination_ranges": [],
            "direction": "INGRESS",
            "disabled": false,
            "enable_logging": false,
            "id": "projects/kaemaa/global/firewalls/kube-firewall",
            "name": "kube-firewall",
            "network": "https://www.googleapis.com/compute/v1/projects/kaemaa/global/networks/kube-cluster",
            "priority": 1000,
            "project": "kaemaa",
            "self_link": "https://www.googleapis.com/compute/v1/projects/kaemaa/global/firewalls/kube-firewall",
            "source_ranges": [
              "0.0.0.0/0"
            ],
            "source_service_accounts": [],
            "source_tags": [],
            "target_service_accounts": [],
            "target_tags": [
              "kube-cluster"
            ],
            "timeouts": null
          }
        }
      ]
    },
    {
      "mode": "managed",
      "type": "google_compute_instance",
      "name": "kube-master-1",
      "provider": "provider.google",
      "instances": [
        {
          "schema_version": 6,
          "attributes": {
            "allow_stopping_for_update": null,
            "attached_disk": [],
            "boot_disk": [
              {
                "auto_delete": true,
                "device_name": "persistent-disk-0",
                "disk_encryption_key_raw": "",
                "disk_encryption_key_sha256": "",
                "initialize_params": [
                  {
                    "image": "https://www.googleapis.com/compute/v1/projects/centos-cloud/global/images/centos-7-v20200205",
                    "labels": {},
                    "size": 10,
                    "type": "pd-standard"
                  }
                ],
                "kms_key_self_link": "",
                "mode": "READ_WRITE",
                "source": "https://www.googleapis.com/compute/v1/projects/kaemaa/zones/us-central1-a/disks/kube-master-1"
              }
            ],
            "can_ip_forward": false,
            "cpu_platform": "Intel Haswell",
            "deletion_protection": false,
            "description": "",
            "enable_display": false,
            "guest_accelerator": [],
            "hostname": "",
            "id": "projects/kaemaa/zones/us-central1-a/instances/kube-master-1",
            "instance_id": "7718565848123897022",
            "label_fingerprint": "42WmSpB8rSM=",
            "labels": {},
            "machine_type": "n1-standard-1",
            "metadata": {
              "ssh-keys": "root:ssh-rsa AAAAB3NzaC1yc2EAAAADAQABAAABAQDNLm7NtPHyje8DsKeRbm06VUr44F/CDgdxHQiXW8pj/c0u5NR7X/py7bqtsPw/aK+ID1eKr99ucSvHwIeVfiz7uAtw9IPSu5+qDvuSUPDejxX8B/FBayi1M7W5akYbAk5XaczlXEx1cYwIOYFafNRXEVKgwnWqPEvlQHgpBMFmQwjHw4knepLuqgBbo+dCUxm10WBOZ2b8iWEB19g2bDn+IYSrZU+x/OGZmxxADhIFXMTGm31CYt+8+CWs3F1NDr4/aeVwIczmYJ9xKXeGmbL3LwjVAo8OA0D28QkqLaC/AAYGxAPZ+1SqLkRRtcLchSs4Oil9ameFEUIk/DPAmsa/ kmdr7@ssl-u12-l41f\n"
            },
            "metadata_fingerprint": "wr4YG2y-YEI=",
            "metadata_startup_script": "adduser -m linux1-user\nmkdir -p /home/linux1-user/.ssh\ncat \u003c\u003cEOF \u003e /home/linux1-user/.ssh/authorized_keys\nssh-rsa AAAAB3NzaC1yc2EAAAADAQABAAABAQDNLm7NtPHyje8DsKeRbm06VUr44F/CDgdxHQiXW8pj/c0u5NR7X/py7bqtsPw/aK+ID1eKr99ucSvHwIeVfiz7uAtw9IPSu5+qDvuSUPDejxX8B/FBayi1M7W5akYbAk5XaczlXEx1cYwIOYFafNRXEVKgwnWqPEvlQHgpBMFmQwjHw4knepLuqgBbo+dCUxm10WBOZ2b8iWEB19g2bDn+IYSrZU+x/OGZmxxADhIFXMTGm31CYt+8+CWs3F1NDr4/aeVwIczmYJ9xKXeGmbL3LwjVAo8OA0D28QkqLaC/AAYGxAPZ+1SqLkRRtcLchSs4Oil9ameFEUIk/DPAmsa/ kmdr7@ssl-u12-l41f\nEOF\nchown-R linux1-user:linux1-user /home/linux1-user/.ssh\nchmod 700 /home/linux1-user/.ssh\nchmod 600 /home/linux1-user/.ssh/authorized_keys\n",
            "min_cpu_platform": "",
            "name": "kube-master-1",
            "network_interface": [
              {
                "access_config": [
                  {
                    "nat_ip": "35.224.185.65",
                    "network_tier": "PREMIUM",
                    "public_ptr_domain_name": ""
                  }
                ],
                "alias_ip_range": [],
                "name": "nic0",
                "network": "https://www.googleapis.com/compute/v1/projects/kaemaa/global/networks/kube-cluster",
                "network_ip": "10.128.0.6",
                "subnetwork": "https://www.googleapis.com/compute/v1/projects/kaemaa/regions/us-central1/subnetworks/kube-cluster",
                "subnetwork_project": "kaemaa"
              }
            ],
            "project": "kaemaa",
            "scheduling": [
              {
                "automatic_restart": false,
                "node_affinities": [],
                "on_host_maintenance": "TERMINATE",
                "preemptible": true
              }
            ],
            "scratch_disk": [],
            "self_link": "https://www.googleapis.com/compute/v1/projects/kaemaa/zones/us-central1-a/instances/kube-master-1",
            "service_account": [
              {
                "email": "465455004108-compute@developer.gserviceaccount.com",
                "scopes": [
                  "https://www.googleapis.com/auth/cloud-platform"
                ]
              }
            ],
            "shielded_instance_config": [],
            "tags": [
              "kube-cluster"
            ],
            "tags_fingerprint": "qdHGSE7qFFo=",
            "timeouts": null,
            "zone": "us-central1-a"
          }
        }
      ]
    },
    {
      "mode": "managed",
      "type": "google_compute_instance",
      "name": "kube-node-1",
      "provider": "provider.google",
      "instances": [
        {
          "schema_version": 6,
          "attributes": {
            "allow_stopping_for_update": null,
            "attached_disk": [],
            "boot_disk": [
              {
                "auto_delete": true,
                "device_name": "persistent-disk-0",
                "disk_encryption_key_raw": "",
                "disk_encryption_key_sha256": "",
                "initialize_params": [
                  {
                    "image": "https://www.googleapis.com/compute/v1/projects/centos-cloud/global/images/centos-7-v20200205",
                    "labels": {},
                    "size": 10,
                    "type": "pd-standard"
                  }
                ],
                "kms_key_self_link": "",
                "mode": "READ_WRITE",
                "source": "https://www.googleapis.com/compute/v1/projects/kaemaa/zones/us-central1-a/disks/kube-node-1"
              }
            ],
            "can_ip_forward": false,
            "cpu_platform": "Intel Haswell",
            "deletion_protection": false,
            "description": "",
            "enable_display": false,
            "guest_accelerator": [],
            "hostname": "",
            "id": "projects/kaemaa/zones/us-central1-a/instances/kube-node-1",
            "instance_id": "9165234120452928702",
            "label_fingerprint": "42WmSpB8rSM=",
            "labels": {},
            "machine_type": "n1-standard-1",
            "metadata": {
              "ssh-keys": "root:ssh-rsa AAAAB3NzaC1yc2EAAAADAQABAAABAQDNLm7NtPHyje8DsKeRbm06VUr44F/CDgdxHQiXW8pj/c0u5NR7X/py7bqtsPw/aK+ID1eKr99ucSvHwIeVfiz7uAtw9IPSu5+qDvuSUPDejxX8B/FBayi1M7W5akYbAk5XaczlXEx1cYwIOYFafNRXEVKgwnWqPEvlQHgpBMFmQwjHw4knepLuqgBbo+dCUxm10WBOZ2b8iWEB19g2bDn+IYSrZU+x/OGZmxxADhIFXMTGm31CYt+8+CWs3F1NDr4/aeVwIczmYJ9xKXeGmbL3LwjVAo8OA0D28QkqLaC/AAYGxAPZ+1SqLkRRtcLchSs4Oil9ameFEUIk/DPAmsa/ kmdr7@ssl-u12-l41f\n"
            },
            "metadata_fingerprint": "wr4YG2y-YEI=",
            "metadata_startup_script": "adduser -m linux1-user\nmkdir -p /home/linux1-user/.ssh\ncat \u003c\u003cEOF \u003e /home/linux1-user/.ssh/authorized_keys\nssh-rsa AAAAB3NzaC1yc2EAAAADAQABAAABAQDNLm7NtPHyje8DsKeRbm06VUr44F/CDgdxHQiXW8pj/c0u5NR7X/py7bqtsPw/aK+ID1eKr99ucSvHwIeVfiz7uAtw9IPSu5+qDvuSUPDejxX8B/FBayi1M7W5akYbAk5XaczlXEx1cYwIOYFafNRXEVKgwnWqPEvlQHgpBMFmQwjHw4knepLuqgBbo+dCUxm10WBOZ2b8iWEB19g2bDn+IYSrZU+x/OGZmxxADhIFXMTGm31CYt+8+CWs3F1NDr4/aeVwIczmYJ9xKXeGmbL3LwjVAo8OA0D28QkqLaC/AAYGxAPZ+1SqLkRRtcLchSs4Oil9ameFEUIk/DPAmsa/ kmdr7@ssl-u12-l41f\nEOF\nchown-R linux1-user:linux1-user /home/linux1-user/.ssh\nchmod 700 /home/linux1-user/.ssh\nchmod 600 /home/linux1-user/.ssh/authorized_keys\n",
            "min_cpu_platform": "",
            "name": "kube-node-1",
            "network_interface": [
              {
                "access_config": [
                  {
                    "nat_ip": "35.222.87.235",
                    "network_tier": "PREMIUM",
                    "public_ptr_domain_name": ""
                  }
                ],
                "alias_ip_range": [],
                "name": "nic0",
                "network": "https://www.googleapis.com/compute/v1/projects/kaemaa/global/networks/kube-cluster",
                "network_ip": "10.128.0.7",
                "subnetwork": "https://www.googleapis.com/compute/v1/projects/kaemaa/regions/us-central1/subnetworks/kube-cluster",
                "subnetwork_project": "kaemaa"
              }
            ],
            "project": "kaemaa",
            "scheduling": [
              {
                "automatic_restart": false,
                "node_affinities": [],
                "on_host_maintenance": "TERMINATE",
                "preemptible": true
              }
            ],
            "scratch_disk": [],
            "self_link": "https://www.googleapis.com/compute/v1/projects/kaemaa/zones/us-central1-a/instances/kube-node-1",
            "service_account": [
              {
                "email": "465455004108-compute@developer.gserviceaccount.com",
                "scopes": [
                  "https://www.googleapis.com/auth/cloud-platform"
                ]
              }
            ],
            "shielded_instance_config": [],
            "tags": [
              "kube-cluster"
            ],
            "tags_fingerprint": "qdHGSE7qFFo=",
            "timeouts": null,
            "zone": "us-central1-a"
          }
        }
      ]
    },
    {
      "mode": "managed",
      "type": "google_compute_network",
      "name": "kubernetes",
      "provider": "provider.google",
      "instances": [
        {
          "schema_version": 0,
          "attributes": {
            "auto_create_subnetworks": true,
            "delete_default_routes_on_create": false,
            "description": "",
            "gateway_ipv4": "",
            "id": "projects/kaemaa/global/networks/kube-cluster",
            "ipv4_range": null,
            "name": "kube-cluster",
            "project": "kaemaa",
            "routing_mode": "REGIONAL",
            "self_link": "https://www.googleapis.com/compute/v1/projects/kaemaa/global/networks/kube-cluster",
            "timeouts": null
          },
          "private": "eyJlMmJmYjczMC1lY2FhLTExZTYtOGY4OC0zNDM2M2JjN2M0YzAiOnsiY3JlYXRlIjoyNDAwMDAwMDAwMDAsImRlbGV0ZSI6MjQwMDAwMDAwMDAwLCJ1cGRhdGUiOjI0MDAwMDAwMDAwMH19"
        }
      ]
    }
  ]
}
