{
  "version": 4,
  "terraform_version": "0.14.6",
  "serial": 137,
  "lineage": "e7501d77-0a8d-afd3-856d-626b0d1a6765",
  "outputs": {},
  "resources": [
    {
      "mode": "managed",
      "type": "google_compute_firewall",
      "name": "kube-firewall",
      "provider": "provider[\"registry.terraform.io/hashicorp/google\"]",
      "instances": [
        {
          "schema_version": 1,
          "attributes": {
            "allow": [
              {
                "ports": [
                  "22",
                  "6443",
                  "443",
                  "80",
                  "8080",
                  "8088"
                ],
                "protocol": "tcp"
              },
              {
                "ports": [],
                "protocol": "icmp"
              }
            ],
            "creation_timestamp": "2021-02-10T19:42:22.620-08:00",
            "deny": [],
            "description": "",
            "destination_ranges": [],
            "direction": "INGRESS",
            "disabled": false,
            "enable_logging": null,
            "id": "projects/savvy-temple-283812/global/firewalls/kube-firewall",
            "log_config": [],
            "name": "kube-firewall",
            "network": "https://www.googleapis.com/compute/v1/projects/savvy-temple-283812/global/networks/kube-cluster",
            "priority": 1000,
            "project": "savvy-temple-283812",
            "self_link": "https://www.googleapis.com/compute/v1/projects/savvy-temple-283812/global/firewalls/kube-firewall",
            "source_ranges": [
              "0.0.0.0/0"
            ],
            "source_service_accounts": [],
            "source_tags": [],
            "target_service_accounts": [],
            "target_tags": [
              "kube-cluster"
            ],
            "timeouts": null
          },
          "sensitive_attributes": [],
          "private": "eyJlMmJmYjczMC1lY2FhLTExZTYtOGY4OC0zNDM2M2JjN2M0YzAiOnsiY3JlYXRlIjoyNDAwMDAwMDAwMDAsImRlbGV0ZSI6MjQwMDAwMDAwMDAwLCJ1cGRhdGUiOjI0MDAwMDAwMDAwMH0sInNjaGVtYV92ZXJzaW9uIjoiMSJ9",
          "dependencies": [
            "google_compute_network.kubernetes"
          ]
        }
      ]
    },
    {
      "mode": "managed",
      "type": "google_compute_firewall",
      "name": "kube-firewall-internal",
      "provider": "provider[\"registry.terraform.io/hashicorp/google\"]",
      "instances": [
        {
          "schema_version": 1,
          "attributes": {
            "allow": [
              {
                "ports": [],
                "protocol": "icmp"
              },
              {
                "ports": [],
                "protocol": "ipip"
              },
              {
                "ports": [],
                "protocol": "tcp"
              },
              {
                "ports": [],
                "protocol": "udp"
              }
            ],
            "creation_timestamp": "2021-02-10T22:37:38.657-08:00",
            "deny": [],
            "description": "",
            "destination_ranges": [],
            "direction": "INGRESS",
            "disabled": false,
            "enable_logging": null,
            "id": "projects/savvy-temple-283812/global/firewalls/kube-firewall-internal",
            "log_config": [],
            "name": "kube-firewall-internal",
            "network": "https://www.googleapis.com/compute/v1/projects/savvy-temple-283812/global/networks/kube-cluster",
            "priority": 1000,
            "project": "savvy-temple-283812",
            "self_link": "https://www.googleapis.com/compute/v1/projects/savvy-temple-283812/global/firewalls/kube-firewall-internal",
            "source_ranges": [
              "10.244.0.0/16",
              "10.96.0.0/12"
            ],
            "source_service_accounts": [],
            "source_tags": [
              "kube-cluster"
            ],
            "target_service_accounts": [],
            "target_tags": [
              "kube-cluster"
            ],
            "timeouts": null
          },
          "sensitive_attributes": [],
          "private": "eyJlMmJmYjczMC1lY2FhLTExZTYtOGY4OC0zNDM2M2JjN2M0YzAiOnsiY3JlYXRlIjoyNDAwMDAwMDAwMDAsImRlbGV0ZSI6MjQwMDAwMDAwMDAwLCJ1cGRhdGUiOjI0MDAwMDAwMDAwMH0sInNjaGVtYV92ZXJzaW9uIjoiMSJ9",
          "dependencies": [
            "google_compute_network.kubernetes"
          ]
        }
      ]
    },
    {
      "mode": "managed",
      "type": "google_compute_firewall",
      "name": "kube-firewall-lb",
      "provider": "provider[\"registry.terraform.io/hashicorp/google\"]",
      "instances": [
        {
          "schema_version": 1,
          "attributes": {
            "allow": [
              {
                "ports": [
                  "22",
                  "80",
                  "443",
                  "6443"
                ],
                "protocol": "tcp"
              },
              {
                "ports": [],
                "protocol": "icmp"
              }
            ],
            "creation_timestamp": "2021-02-11T06:44:26.029-08:00",
            "deny": [],
            "description": "",
            "destination_ranges": [],
            "direction": "INGRESS",
            "disabled": false,
            "enable_logging": null,
            "id": "projects/savvy-temple-283812/global/firewalls/kube-firewall-lb",
            "log_config": [],
            "name": "kube-firewall-lb",
            "network": "https://www.googleapis.com/compute/v1/projects/savvy-temple-283812/global/networks/kube-cluster",
            "priority": 1000,
            "project": "savvy-temple-283812",
            "self_link": "https://www.googleapis.com/compute/v1/projects/savvy-temple-283812/global/firewalls/kube-firewall-lb",
            "source_ranges": [
              "0.0.0.0/0"
            ],
            "source_service_accounts": [],
            "source_tags": [],
            "target_service_accounts": [],
            "target_tags": [
              "kube-lb"
            ],
            "timeouts": null
          },
          "sensitive_attributes": [],
          "private": "eyJlMmJmYjczMC1lY2FhLTExZTYtOGY4OC0zNDM2M2JjN2M0YzAiOnsiY3JlYXRlIjoyNDAwMDAwMDAwMDAsImRlbGV0ZSI6MjQwMDAwMDAwMDAwLCJ1cGRhdGUiOjI0MDAwMDAwMDAwMH0sInNjaGVtYV92ZXJzaW9uIjoiMSJ9",
          "dependencies": [
            "google_compute_network.kubernetes"
          ]
        }
      ]
    },
    {
      "mode": "managed",
      "type": "google_compute_firewall",
      "name": "kube-tools",
      "provider": "provider[\"registry.terraform.io/hashicorp/google\"]",
      "instances": [
        {
          "schema_version": 1,
          "attributes": {
            "allow": [
              {
                "ports": [
                  "22",
                  "8080"
                ],
                "protocol": "tcp"
              },
              {
                "ports": [],
                "protocol": "icmp"
              }
            ],
            "creation_timestamp": "2021-02-11T23:53:53.724-08:00",
            "deny": [],
            "description": "",
            "destination_ranges": [],
            "direction": "INGRESS",
            "disabled": false,
            "enable_logging": null,
            "id": "projects/savvy-temple-283812/global/firewalls/kube-tools",
            "log_config": [],
            "name": "kube-tools",
            "network": "https://www.googleapis.com/compute/v1/projects/savvy-temple-283812/global/networks/kube-cluster",
            "priority": 1000,
            "project": "savvy-temple-283812",
            "self_link": "https://www.googleapis.com/compute/v1/projects/savvy-temple-283812/global/firewalls/kube-tools",
            "source_ranges": [
              "0.0.0.0/0"
            ],
            "source_service_accounts": [],
            "source_tags": [],
            "target_service_accounts": [],
            "target_tags": [
              "kube-tools"
            ],
            "timeouts": null
          },
          "sensitive_attributes": [],
          "private": "eyJlMmJmYjczMC1lY2FhLTExZTYtOGY4OC0zNDM2M2JjN2M0YzAiOnsiY3JlYXRlIjoyNDAwMDAwMDAwMDAsImRlbGV0ZSI6MjQwMDAwMDAwMDAwLCJ1cGRhdGUiOjI0MDAwMDAwMDAwMH0sInNjaGVtYV92ZXJzaW9uIjoiMSJ9",
          "dependencies": [
            "google_compute_network.kubernetes"
          ]
        }
      ]
    },
    {
      "mode": "managed",
      "type": "google_compute_network",
      "name": "kubernetes",
      "provider": "provider[\"registry.terraform.io/hashicorp/google\"]",
      "instances": [
        {
          "schema_version": 0,
          "attributes": {
            "auto_create_subnetworks": true,
            "delete_default_routes_on_create": false,
            "description": "",
            "gateway_ipv4": "",
            "id": "projects/savvy-temple-283812/global/networks/kube-cluster",
            "mtu": 0,
            "name": "kube-cluster",
            "project": "savvy-temple-283812",
            "routing_mode": "REGIONAL",
            "self_link": "https://www.googleapis.com/compute/v1/projects/savvy-temple-283812/global/networks/kube-cluster",
            "timeouts": null
          },
          "sensitive_attributes": [],
          "private": "eyJlMmJmYjczMC1lY2FhLTExZTYtOGY4OC0zNDM2M2JjN2M0YzAiOnsiY3JlYXRlIjoyNDAwMDAwMDAwMDAsImRlbGV0ZSI6MjQwMDAwMDAwMDAwLCJ1cGRhdGUiOjI0MDAwMDAwMDAwMH19"
        }
      ]
    },
    {
      "mode": "managed",
      "type": "null_resource",
      "name": "generate_ansible_inventory",
      "provider": "provider[\"registry.terraform.io/hashicorp/null\"]",
      "instances": [
        {
          "schema_version": 0,
          "attributes": {
            "id": "5034372109676727266",
            "triggers": null
          },
          "sensitive_attributes": [],
          "private": "bnVsbA==",
          "dependencies": [
            "google_compute_network.kubernetes",
            "module.kube-lb.module.kube-lb.data.template_file.inventory",
            "module.kube-lb.module.kube-lb.google_compute_instance.compute",
            "module.kube-lb.module.kube-lb.null_resource.cmd",
            "module.kube-master-1.module.kube-master-1.data.template_file.inventory",
            "module.kube-master-1.module.kube-master-1.google_compute_instance.compute",
            "module.kube-master-1.module.kube-master-1.null_resource.cmd",
            "module.kube-master-2.module.kube-master-2.data.template_file.inventory",
            "module.kube-master-2.module.kube-master-2.google_compute_instance.compute",
            "module.kube-master-2.module.kube-master-2.null_resource.cmd",
            "module.kube-master-3.module.kube-master-3.data.template_file.inventory",
            "module.kube-master-3.module.kube-master-3.google_compute_instance.compute",
            "module.kube-master-3.module.kube-master-3.null_resource.cmd",
            "module.kube-worker-1.module.kube-worker-1.data.template_file.inventory",
            "module.kube-worker-1.module.kube-worker-1.google_compute_instance.compute",
            "module.kube-worker-1.module.kube-worker-1.null_resource.cmd",
            "module.kube-worker-2.module.kube-worker-2.data.template_file.inventory",
            "module.kube-worker-2.module.kube-worker-2.google_compute_instance.compute",
            "module.kube-worker-2.module.kube-worker-2.null_resource.cmd"
          ]
        }
      ]
    },
    {
      "module": "module.kube-lb.module.kube-lb",
      "mode": "data",
      "type": "template_file",
      "name": "inventory",
      "provider": "provider[\"registry.terraform.io/hashicorp/template\"]",
      "instances": [
        {
          "schema_version": 0,
          "attributes": {
            "filename": null,
            "id": "5a63591a9b4f891cde73cd68ed4a3b394d60c2e3e55489069f773b8b4df4db36",
            "rendered": "35.221.84.16",
            "template": "${masters}",
            "vars": {
              "masters": "35.221.84.16"
            }
          },
          "sensitive_attributes": []
        }
      ]
    },
    {
      "module": "module.kube-lb.module.kube-lb",
      "mode": "managed",
      "type": "google_compute_instance",
      "name": "compute",
      "provider": "provider[\"registry.terraform.io/hashicorp/google\"]",
      "instances": [
        {
          "schema_version": 6,
          "attributes": {
            "allow_stopping_for_update": null,
            "attached_disk": [],
            "boot_disk": [
              {
                "auto_delete": true,
                "device_name": "persistent-disk-0",
                "disk_encryption_key_raw": "",
                "disk_encryption_key_sha256": "",
                "initialize_params": [
                  {
                    "image": "https://www.googleapis.com/compute/v1/projects/centos-cloud/global/images/centos-7-v20210122",
                    "labels": {},
                    "size": 20,
                    "type": "pd-standard"
                  }
                ],
                "kms_key_self_link": "",
                "mode": "READ_WRITE",
                "source": "https://www.googleapis.com/compute/v1/projects/savvy-temple-283812/zones/asia-northeast1-a/disks/kube-lb"
              }
            ],
            "can_ip_forward": true,
            "confidential_instance_config": [],
            "cpu_platform": "Intel Broadwell",
            "current_status": "RUNNING",
            "deletion_protection": false,
            "description": "",
            "desired_status": null,
            "enable_display": false,
            "guest_accelerator": [],
            "hostname": "",
            "id": "projects/savvy-temple-283812/zones/asia-northeast1-a/instances/kube-lb",
            "instance_id": "4915609418001349669",
            "label_fingerprint": "42WmSpB8rSM=",
            "labels": {},
            "machine_type": "g1-small",
            "metadata": {
              "ssh-keys": "root:ssh-rsa AAAAB3NzaC1yc2EAAAADAQABAAABAQDNLm7NtPHyje8DsKeRbm06VUr44F/CDgdxHQiXW8pj/c0u5NR7X/py7bqtsPw/aK+ID1eKr99ucSvHwIeVfiz7uAtw9IPSu5+qDvuSUPDejxX8B/FBayi1M7W5akYbAk5XaczlXEx1cYwIOYFafNRXEVKgwnWqPEvlQHgpBMFmQwjHw4knepLuqgBbo+dCUxm10WBOZ2b8iWEB19g2bDn+IYSrZU+x/OGZmxxADhIFXMTGm31CYt+8+CWs3F1NDr4/aeVwIczmYJ9xKXeGmbL3LwjVAo8OA0D28QkqLaC/AAYGxAPZ+1SqLkRRtcLchSs4Oil9ameFEUIk/DPAmsa/ kmdr7@ssl-u12-l41f\n"
            },
            "metadata_fingerprint": "2l7XDKZgPRs=",
            "metadata_startup_script": "adduser -m linux1-user\nmkdir -p /home/linux1-user/.ssh\ncat \u003c\u003cEOF \u003e /home/linux1-user/.ssh/authorized_keys\nssh-rsa AAAAB3NzaC1yc2EAAAADAQABAAABAQDNLm7NtPHyje8DsKeRbm06VUr44F/CDgdxHQiXW8pj/c0u5NR7X/py7bqtsPw/aK+ID1eKr99ucSvHwIeVfiz7uAtw9IPSu5+qDvuSUPDejxX8B/FBayi1M7W5akYbAk5XaczlXEx1cYwIOYFafNRXEVKgwnWqPEvlQHgpBMFmQwjHw4knepLuqgBbo+dCUxm10WBOZ2b8iWEB19g2bDn+IYSrZU+x/OGZmxxADhIFXMTGm31CYt+8+CWs3F1NDr4/aeVwIczmYJ9xKXeGmbL3LwjVAo8OA0D28QkqLaC/AAYGxAPZ+1SqLkRRtcLchSs4Oil9ameFEUIk/DPAmsa/ kmdr7@ssl-u12-l41f\nEOF\nchown -R linux1-user:linux1-user /home/linux1-user/.ssh\nchmod 700 /home/linux1-user/.ssh\nchmod 600 /home/linux1-user/.ssh/authorized_keys\necho \"linux1-user   ALL=(ALL) NOPASSWD:ALL\" \u003e\u003e /etc/sudoers\n",
            "min_cpu_platform": "",
            "name": "kube-lb",
            "network_interface": [
              {
                "access_config": [
                  {
                    "nat_ip": "35.221.84.16",
                    "network_tier": "PREMIUM",
                    "public_ptr_domain_name": ""
                  }
                ],
                "alias_ip_range": [],
                "name": "nic0",
                "network": "https://www.googleapis.com/compute/v1/projects/savvy-temple-283812/global/networks/kube-cluster",
                "network_ip": "10.146.0.6",
                "subnetwork": "https://www.googleapis.com/compute/v1/projects/savvy-temple-283812/regions/asia-northeast1/subnetworks/kube-cluster",
                "subnetwork_project": "savvy-temple-283812"
              }
            ],
            "project": "savvy-temple-283812",
            "resource_policies": [],
            "scheduling": [
              {
                "automatic_restart": false,
                "node_affinities": [],
                "on_host_maintenance": "MIGRATE",
                "preemptible": false
              }
            ],
            "scratch_disk": [],
            "self_link": "https://www.googleapis.com/compute/v1/projects/savvy-temple-283812/zones/asia-northeast1-a/instances/kube-lb",
            "service_account": [
              {
                "email": "271985057587-compute@developer.gserviceaccount.com",
                "scopes": [
                  "https://www.googleapis.com/auth/cloud-platform"
                ]
              }
            ],
            "shielded_instance_config": [
              {
                "enable_integrity_monitoring": true,
                "enable_secure_boot": false,
                "enable_vtpm": true
              }
            ],
            "tags": [
              "kube-cluster"
            ],
            "tags_fingerprint": "qdHGSE7qFFo=",
            "timeouts": null,
            "zone": "asia-northeast1-a"
          },
          "sensitive_attributes": [],
          "private": "eyJlMmJmYjczMC1lY2FhLTExZTYtOGY4OC0zNDM2M2JjN2M0YzAiOnsiY3JlYXRlIjoxMjAwMDAwMDAwMDAwLCJkZWxldGUiOjEyMDAwMDAwMDAwMDAsInVwZGF0ZSI6MTIwMDAwMDAwMDAwMH0sInNjaGVtYV92ZXJzaW9uIjoiNiJ9",
          "dependencies": [
            "google_compute_network.kubernetes"
          ]
        }
      ]
    },
    {
      "module": "module.kube-lb.module.kube-lb",
      "mode": "managed",
      "type": "null_resource",
      "name": "cmd",
      "provider": "provider[\"registry.terraform.io/hashicorp/null\"]",
      "instances": [
        {
          "schema_version": 0,
          "attributes": {
            "id": "7491194619595244407",
            "triggers": {
              "template_rendered": "35.221.84.16"
            }
          },
          "sensitive_attributes": [],
          "private": "bnVsbA==",
          "dependencies": [
            "google_compute_network.kubernetes",
            "module.kube-lb.module.kube-lb.data.template_file.inventory",
            "module.kube-lb.module.kube-lb.google_compute_instance.compute"
          ]
        }
      ]
    },
    {
      "module": "module.kube-master-1.module.kube-master-1",
      "mode": "data",
      "type": "template_file",
      "name": "inventory",
      "provider": "provider[\"registry.terraform.io/hashicorp/template\"]",
      "instances": [
        {
          "schema_version": 0,
          "attributes": {
            "filename": null,
            "id": "3ea0830090172ec2c8e7b4937df88a79959ba88822cad834c4b925bdc6cee5ed",
            "rendered": "34.84.99.128",
            "template": "${masters}",
            "vars": {
              "masters": "34.84.99.128"
            }
          },
          "sensitive_attributes": []
        }
      ]
    },
    {
      "module": "module.kube-master-1.module.kube-master-1",
      "mode": "managed",
      "type": "google_compute_instance",
      "name": "compute",
      "provider": "provider[\"registry.terraform.io/hashicorp/google\"]",
      "instances": [
        {
          "schema_version": 6,
          "attributes": {
            "allow_stopping_for_update": null,
            "attached_disk": [],
            "boot_disk": [
              {
                "auto_delete": true,
                "device_name": "persistent-disk-0",
                "disk_encryption_key_raw": "",
                "disk_encryption_key_sha256": "",
                "initialize_params": [
                  {
                    "image": "https://www.googleapis.com/compute/v1/projects/centos-cloud/global/images/centos-7-v20210122",
                    "labels": {},
                    "size": 20,
                    "type": "pd-standard"
                  }
                ],
                "kms_key_self_link": "",
                "mode": "READ_WRITE",
                "source": "https://www.googleapis.com/compute/v1/projects/savvy-temple-283812/zones/asia-northeast1-a/disks/kube-master-1"
              }
            ],
            "can_ip_forward": true,
            "confidential_instance_config": [],
            "cpu_platform": "Intel Broadwell",
            "current_status": "RUNNING",
            "deletion_protection": false,
            "description": "",
            "desired_status": null,
            "enable_display": false,
            "guest_accelerator": [],
            "hostname": "",
            "id": "projects/savvy-temple-283812/zones/asia-northeast1-a/instances/kube-master-1",
            "instance_id": "8721448344931038166",
            "label_fingerprint": "42WmSpB8rSM=",
            "labels": {},
            "machine_type": "e2-medium",
            "metadata": {
              "ssh-keys": "root:ssh-rsa AAAAB3NzaC1yc2EAAAADAQABAAABAQDNLm7NtPHyje8DsKeRbm06VUr44F/CDgdxHQiXW8pj/c0u5NR7X/py7bqtsPw/aK+ID1eKr99ucSvHwIeVfiz7uAtw9IPSu5+qDvuSUPDejxX8B/FBayi1M7W5akYbAk5XaczlXEx1cYwIOYFafNRXEVKgwnWqPEvlQHgpBMFmQwjHw4knepLuqgBbo+dCUxm10WBOZ2b8iWEB19g2bDn+IYSrZU+x/OGZmxxADhIFXMTGm31CYt+8+CWs3F1NDr4/aeVwIczmYJ9xKXeGmbL3LwjVAo8OA0D28QkqLaC/AAYGxAPZ+1SqLkRRtcLchSs4Oil9ameFEUIk/DPAmsa/ kmdr7@ssl-u12-l41f\n"
            },
            "metadata_fingerprint": "2l7XDKZgPRs=",
            "metadata_startup_script": "adduser -m linux1-user\nmkdir -p /home/linux1-user/.ssh\ncat \u003c\u003cEOF \u003e /home/linux1-user/.ssh/authorized_keys\nssh-rsa AAAAB3NzaC1yc2EAAAADAQABAAABAQDNLm7NtPHyje8DsKeRbm06VUr44F/CDgdxHQiXW8pj/c0u5NR7X/py7bqtsPw/aK+ID1eKr99ucSvHwIeVfiz7uAtw9IPSu5+qDvuSUPDejxX8B/FBayi1M7W5akYbAk5XaczlXEx1cYwIOYFafNRXEVKgwnWqPEvlQHgpBMFmQwjHw4knepLuqgBbo+dCUxm10WBOZ2b8iWEB19g2bDn+IYSrZU+x/OGZmxxADhIFXMTGm31CYt+8+CWs3F1NDr4/aeVwIczmYJ9xKXeGmbL3LwjVAo8OA0D28QkqLaC/AAYGxAPZ+1SqLkRRtcLchSs4Oil9ameFEUIk/DPAmsa/ kmdr7@ssl-u12-l41f\nEOF\nchown -R linux1-user:linux1-user /home/linux1-user/.ssh\nchmod 700 /home/linux1-user/.ssh\nchmod 600 /home/linux1-user/.ssh/authorized_keys\necho \"linux1-user   ALL=(ALL) NOPASSWD:ALL\" \u003e\u003e /etc/sudoers\n",
            "min_cpu_platform": "",
            "name": "kube-master-1",
            "network_interface": [
              {
                "access_config": [
                  {
                    "nat_ip": "34.84.99.128",
                    "network_tier": "PREMIUM",
                    "public_ptr_domain_name": ""
                  }
                ],
                "alias_ip_range": [],
                "name": "nic0",
                "network": "https://www.googleapis.com/compute/v1/projects/savvy-temple-283812/global/networks/kube-cluster",
                "network_ip": "10.146.0.8",
                "subnetwork": "https://www.googleapis.com/compute/v1/projects/savvy-temple-283812/regions/asia-northeast1/subnetworks/kube-cluster",
                "subnetwork_project": "savvy-temple-283812"
              }
            ],
            "project": "savvy-temple-283812",
            "resource_policies": [],
            "scheduling": [
              {
                "automatic_restart": false,
                "node_affinities": [],
                "on_host_maintenance": "MIGRATE",
                "preemptible": false
              }
            ],
            "scratch_disk": [],
            "self_link": "https://www.googleapis.com/compute/v1/projects/savvy-temple-283812/zones/asia-northeast1-a/instances/kube-master-1",
            "service_account": [
              {
                "email": "271985057587-compute@developer.gserviceaccount.com",
                "scopes": [
                  "https://www.googleapis.com/auth/cloud-platform"
                ]
              }
            ],
            "shielded_instance_config": [
              {
                "enable_integrity_monitoring": true,
                "enable_secure_boot": false,
                "enable_vtpm": true
              }
            ],
            "tags": [
              "kube-cluster"
            ],
            "tags_fingerprint": "qdHGSE7qFFo=",
            "timeouts": null,
            "zone": "asia-northeast1-a"
          },
          "sensitive_attributes": [],
          "private": "eyJlMmJmYjczMC1lY2FhLTExZTYtOGY4OC0zNDM2M2JjN2M0YzAiOnsiY3JlYXRlIjoxMjAwMDAwMDAwMDAwLCJkZWxldGUiOjEyMDAwMDAwMDAwMDAsInVwZGF0ZSI6MTIwMDAwMDAwMDAwMH0sInNjaGVtYV92ZXJzaW9uIjoiNiJ9",
          "dependencies": [
            "google_compute_network.kubernetes"
          ]
        }
      ]
    },
    {
      "module": "module.kube-master-1.module.kube-master-1",
      "mode": "managed",
      "type": "null_resource",
      "name": "cmd",
      "provider": "provider[\"registry.terraform.io/hashicorp/null\"]",
      "instances": [
        {
          "schema_version": 0,
          "attributes": {
            "id": "655505747916204574",
            "triggers": {
              "template_rendered": "34.84.99.128"
            }
          },
          "sensitive_attributes": [],
          "private": "bnVsbA==",
          "dependencies": [
            "google_compute_network.kubernetes",
            "module.kube-master-1.module.kube-master-1.data.template_file.inventory",
            "module.kube-master-1.module.kube-master-1.google_compute_instance.compute"
          ]
        }
      ]
    },
    {
      "module": "module.kube-master-2.module.kube-master-2",
      "mode": "data",
      "type": "template_file",
      "name": "inventory",
      "provider": "provider[\"registry.terraform.io/hashicorp/template\"]",
      "instances": [
        {
          "schema_version": 0,
          "attributes": {
            "filename": null,
            "id": "c15b0aba7b1d77a15334ffdd25fe69f4d137ac404c5c6180a41c3dfec06234c4",
            "rendered": "35.189.148.206",
            "template": "${masters}",
            "vars": {
              "masters": "35.189.148.206"
            }
          },
          "sensitive_attributes": []
        }
      ]
    },
    {
      "module": "module.kube-master-2.module.kube-master-2",
      "mode": "managed",
      "type": "google_compute_instance",
      "name": "compute",
      "provider": "provider[\"registry.terraform.io/hashicorp/google\"]",
      "instances": [
        {
          "schema_version": 6,
          "attributes": {
            "allow_stopping_for_update": null,
            "attached_disk": [],
            "boot_disk": [
              {
                "auto_delete": true,
                "device_name": "persistent-disk-0",
                "disk_encryption_key_raw": "",
                "disk_encryption_key_sha256": "",
                "initialize_params": [
                  {
                    "image": "https://www.googleapis.com/compute/v1/projects/centos-cloud/global/images/centos-7-v20210122",
                    "labels": {},
                    "size": 20,
                    "type": "pd-standard"
                  }
                ],
                "kms_key_self_link": "",
                "mode": "READ_WRITE",
                "source": "https://www.googleapis.com/compute/v1/projects/savvy-temple-283812/zones/asia-northeast1-a/disks/kube-master-2"
              }
            ],
            "can_ip_forward": true,
            "confidential_instance_config": [],
            "cpu_platform": "Intel Broadwell",
            "current_status": "RUNNING",
            "deletion_protection": false,
            "description": "",
            "desired_status": null,
            "enable_display": false,
            "guest_accelerator": [],
            "hostname": "",
            "id": "projects/savvy-temple-283812/zones/asia-northeast1-a/instances/kube-master-2",
            "instance_id": "8765837093928203222",
            "label_fingerprint": "42WmSpB8rSM=",
            "labels": {},
            "machine_type": "e2-medium",
            "metadata": {
              "ssh-keys": "root:ssh-rsa AAAAB3NzaC1yc2EAAAADAQABAAABAQDNLm7NtPHyje8DsKeRbm06VUr44F/CDgdxHQiXW8pj/c0u5NR7X/py7bqtsPw/aK+ID1eKr99ucSvHwIeVfiz7uAtw9IPSu5+qDvuSUPDejxX8B/FBayi1M7W5akYbAk5XaczlXEx1cYwIOYFafNRXEVKgwnWqPEvlQHgpBMFmQwjHw4knepLuqgBbo+dCUxm10WBOZ2b8iWEB19g2bDn+IYSrZU+x/OGZmxxADhIFXMTGm31CYt+8+CWs3F1NDr4/aeVwIczmYJ9xKXeGmbL3LwjVAo8OA0D28QkqLaC/AAYGxAPZ+1SqLkRRtcLchSs4Oil9ameFEUIk/DPAmsa/ kmdr7@ssl-u12-l41f\n"
            },
            "metadata_fingerprint": "2l7XDKZgPRs=",
            "metadata_startup_script": "adduser -m linux1-user\nmkdir -p /home/linux1-user/.ssh\ncat \u003c\u003cEOF \u003e /home/linux1-user/.ssh/authorized_keys\nssh-rsa AAAAB3NzaC1yc2EAAAADAQABAAABAQDNLm7NtPHyje8DsKeRbm06VUr44F/CDgdxHQiXW8pj/c0u5NR7X/py7bqtsPw/aK+ID1eKr99ucSvHwIeVfiz7uAtw9IPSu5+qDvuSUPDejxX8B/FBayi1M7W5akYbAk5XaczlXEx1cYwIOYFafNRXEVKgwnWqPEvlQHgpBMFmQwjHw4knepLuqgBbo+dCUxm10WBOZ2b8iWEB19g2bDn+IYSrZU+x/OGZmxxADhIFXMTGm31CYt+8+CWs3F1NDr4/aeVwIczmYJ9xKXeGmbL3LwjVAo8OA0D28QkqLaC/AAYGxAPZ+1SqLkRRtcLchSs4Oil9ameFEUIk/DPAmsa/ kmdr7@ssl-u12-l41f\nEOF\nchown -R linux1-user:linux1-user /home/linux1-user/.ssh\nchmod 700 /home/linux1-user/.ssh\nchmod 600 /home/linux1-user/.ssh/authorized_keys\necho \"linux1-user   ALL=(ALL) NOPASSWD:ALL\" \u003e\u003e /etc/sudoers\n",
            "min_cpu_platform": "",
            "name": "kube-master-2",
            "network_interface": [
              {
                "access_config": [
                  {
                    "nat_ip": "35.189.148.206",
                    "network_tier": "PREMIUM",
                    "public_ptr_domain_name": ""
                  }
                ],
                "alias_ip_range": [],
                "name": "nic0",
                "network": "https://www.googleapis.com/compute/v1/projects/savvy-temple-283812/global/networks/kube-cluster",
                "network_ip": "10.146.0.9",
                "subnetwork": "https://www.googleapis.com/compute/v1/projects/savvy-temple-283812/regions/asia-northeast1/subnetworks/kube-cluster",
                "subnetwork_project": "savvy-temple-283812"
              }
            ],
            "project": "savvy-temple-283812",
            "resource_policies": [],
            "scheduling": [
              {
                "automatic_restart": false,
                "node_affinities": [],
                "on_host_maintenance": "MIGRATE",
                "preemptible": false
              }
            ],
            "scratch_disk": [],
            "self_link": "https://www.googleapis.com/compute/v1/projects/savvy-temple-283812/zones/asia-northeast1-a/instances/kube-master-2",
            "service_account": [
              {
                "email": "271985057587-compute@developer.gserviceaccount.com",
                "scopes": [
                  "https://www.googleapis.com/auth/cloud-platform"
                ]
              }
            ],
            "shielded_instance_config": [
              {
                "enable_integrity_monitoring": true,
                "enable_secure_boot": false,
                "enable_vtpm": true
              }
            ],
            "tags": [
              "kube-cluster"
            ],
            "tags_fingerprint": "qdHGSE7qFFo=",
            "timeouts": null,
            "zone": "asia-northeast1-a"
          },
          "sensitive_attributes": [],
          "private": "eyJlMmJmYjczMC1lY2FhLTExZTYtOGY4OC0zNDM2M2JjN2M0YzAiOnsiY3JlYXRlIjoxMjAwMDAwMDAwMDAwLCJkZWxldGUiOjEyMDAwMDAwMDAwMDAsInVwZGF0ZSI6MTIwMDAwMDAwMDAwMH0sInNjaGVtYV92ZXJzaW9uIjoiNiJ9",
          "dependencies": [
            "google_compute_network.kubernetes"
          ]
        }
      ]
    },
    {
      "module": "module.kube-master-2.module.kube-master-2",
      "mode": "managed",
      "type": "null_resource",
      "name": "cmd",
      "provider": "provider[\"registry.terraform.io/hashicorp/null\"]",
      "instances": [
        {
          "schema_version": 0,
          "attributes": {
            "id": "5425957769492960891",
            "triggers": {
              "template_rendered": "35.189.148.206"
            }
          },
          "sensitive_attributes": [],
          "private": "bnVsbA==",
          "dependencies": [
            "google_compute_network.kubernetes",
            "module.kube-master-2.module.kube-master-2.data.template_file.inventory",
            "module.kube-master-2.module.kube-master-2.google_compute_instance.compute"
          ]
        }
      ]
    },
    {
      "module": "module.kube-master-3.module.kube-master-3",
      "mode": "data",
      "type": "template_file",
      "name": "inventory",
      "provider": "provider[\"registry.terraform.io/hashicorp/template\"]",
      "instances": [
        {
          "schema_version": 0,
          "attributes": {
            "filename": null,
            "id": "1a59d38c484a07fe641edc243363157f6a852219dc54ebf60ca4574eac456912",
            "rendered": "34.84.54.137",
            "template": "${masters}",
            "vars": {
              "masters": "34.84.54.137"
            }
          },
          "sensitive_attributes": []
        }
      ]
    },
    {
      "module": "module.kube-master-3.module.kube-master-3",
      "mode": "managed",
      "type": "google_compute_instance",
      "name": "compute",
      "provider": "provider[\"registry.terraform.io/hashicorp/google\"]",
      "instances": [
        {
          "schema_version": 6,
          "attributes": {
            "allow_stopping_for_update": null,
            "attached_disk": [],
            "boot_disk": [
              {
                "auto_delete": true,
                "device_name": "persistent-disk-0",
                "disk_encryption_key_raw": "",
                "disk_encryption_key_sha256": "",
                "initialize_params": [
                  {
                    "image": "https://www.googleapis.com/compute/v1/projects/centos-cloud/global/images/centos-7-v20210122",
                    "labels": {},
                    "size": 20,
                    "type": "pd-standard"
                  }
                ],
                "kms_key_self_link": "",
                "mode": "READ_WRITE",
                "source": "https://www.googleapis.com/compute/v1/projects/savvy-temple-283812/zones/asia-northeast1-a/disks/kube-master-3"
              }
            ],
            "can_ip_forward": true,
            "confidential_instance_config": [],
            "cpu_platform": "Intel Broadwell",
            "current_status": "RUNNING",
            "deletion_protection": false,
            "description": "",
            "desired_status": null,
            "enable_display": false,
            "guest_accelerator": [],
            "hostname": "",
            "id": "projects/savvy-temple-283812/zones/asia-northeast1-a/instances/kube-master-3",
            "instance_id": "5363486743612388310",
            "label_fingerprint": "42WmSpB8rSM=",
            "labels": {},
            "machine_type": "e2-medium",
            "metadata": {
              "ssh-keys": "root:ssh-rsa AAAAB3NzaC1yc2EAAAADAQABAAABAQDNLm7NtPHyje8DsKeRbm06VUr44F/CDgdxHQiXW8pj/c0u5NR7X/py7bqtsPw/aK+ID1eKr99ucSvHwIeVfiz7uAtw9IPSu5+qDvuSUPDejxX8B/FBayi1M7W5akYbAk5XaczlXEx1cYwIOYFafNRXEVKgwnWqPEvlQHgpBMFmQwjHw4knepLuqgBbo+dCUxm10WBOZ2b8iWEB19g2bDn+IYSrZU+x/OGZmxxADhIFXMTGm31CYt+8+CWs3F1NDr4/aeVwIczmYJ9xKXeGmbL3LwjVAo8OA0D28QkqLaC/AAYGxAPZ+1SqLkRRtcLchSs4Oil9ameFEUIk/DPAmsa/ kmdr7@ssl-u12-l41f\n"
            },
            "metadata_fingerprint": "2l7XDKZgPRs=",
            "metadata_startup_script": "adduser -m linux1-user\nmkdir -p /home/linux1-user/.ssh\ncat \u003c\u003cEOF \u003e /home/linux1-user/.ssh/authorized_keys\nssh-rsa AAAAB3NzaC1yc2EAAAADAQABAAABAQDNLm7NtPHyje8DsKeRbm06VUr44F/CDgdxHQiXW8pj/c0u5NR7X/py7bqtsPw/aK+ID1eKr99ucSvHwIeVfiz7uAtw9IPSu5+qDvuSUPDejxX8B/FBayi1M7W5akYbAk5XaczlXEx1cYwIOYFafNRXEVKgwnWqPEvlQHgpBMFmQwjHw4knepLuqgBbo+dCUxm10WBOZ2b8iWEB19g2bDn+IYSrZU+x/OGZmxxADhIFXMTGm31CYt+8+CWs3F1NDr4/aeVwIczmYJ9xKXeGmbL3LwjVAo8OA0D28QkqLaC/AAYGxAPZ+1SqLkRRtcLchSs4Oil9ameFEUIk/DPAmsa/ kmdr7@ssl-u12-l41f\nEOF\nchown -R linux1-user:linux1-user /home/linux1-user/.ssh\nchmod 700 /home/linux1-user/.ssh\nchmod 600 /home/linux1-user/.ssh/authorized_keys\necho \"linux1-user   ALL=(ALL) NOPASSWD:ALL\" \u003e\u003e /etc/sudoers\n",
            "min_cpu_platform": "",
            "name": "kube-master-3",
            "network_interface": [
              {
                "access_config": [
                  {
                    "nat_ip": "34.84.54.137",
                    "network_tier": "PREMIUM",
                    "public_ptr_domain_name": ""
                  }
                ],
                "alias_ip_range": [],
                "name": "nic0",
                "network": "https://www.googleapis.com/compute/v1/projects/savvy-temple-283812/global/networks/kube-cluster",
                "network_ip": "10.146.0.7",
                "subnetwork": "https://www.googleapis.com/compute/v1/projects/savvy-temple-283812/regions/asia-northeast1/subnetworks/kube-cluster",
                "subnetwork_project": "savvy-temple-283812"
              }
            ],
            "project": "savvy-temple-283812",
            "resource_policies": [],
            "scheduling": [
              {
                "automatic_restart": false,
                "node_affinities": [],
                "on_host_maintenance": "MIGRATE",
                "preemptible": false
              }
            ],
            "scratch_disk": [],
            "self_link": "https://www.googleapis.com/compute/v1/projects/savvy-temple-283812/zones/asia-northeast1-a/instances/kube-master-3",
            "service_account": [
              {
                "email": "271985057587-compute@developer.gserviceaccount.com",
                "scopes": [
                  "https://www.googleapis.com/auth/cloud-platform"
                ]
              }
            ],
            "shielded_instance_config": [
              {
                "enable_integrity_monitoring": true,
                "enable_secure_boot": false,
                "enable_vtpm": true
              }
            ],
            "tags": [
              "kube-cluster"
            ],
            "tags_fingerprint": "qdHGSE7qFFo=",
            "timeouts": null,
            "zone": "asia-northeast1-a"
          },
          "sensitive_attributes": [],
          "private": "eyJlMmJmYjczMC1lY2FhLTExZTYtOGY4OC0zNDM2M2JjN2M0YzAiOnsiY3JlYXRlIjoxMjAwMDAwMDAwMDAwLCJkZWxldGUiOjEyMDAwMDAwMDAwMDAsInVwZGF0ZSI6MTIwMDAwMDAwMDAwMH0sInNjaGVtYV92ZXJzaW9uIjoiNiJ9",
          "dependencies": [
            "google_compute_network.kubernetes"
          ]
        }
      ]
    },
    {
      "module": "module.kube-master-3.module.kube-master-3",
      "mode": "managed",
      "type": "null_resource",
      "name": "cmd",
      "provider": "provider[\"registry.terraform.io/hashicorp/null\"]",
      "instances": [
        {
          "schema_version": 0,
          "attributes": {
            "id": "4431161729848224107",
            "triggers": {
              "template_rendered": "34.84.54.137"
            }
          },
          "sensitive_attributes": [],
          "private": "bnVsbA==",
          "dependencies": [
            "google_compute_network.kubernetes",
            "module.kube-master-3.module.kube-master-3.data.template_file.inventory",
            "module.kube-master-3.module.kube-master-3.google_compute_instance.compute"
          ]
        }
      ]
    },
    {
      "module": "module.kube-tools-1.module.kube-tools-1",
      "mode": "data",
      "type": "template_file",
      "name": "inventory",
      "provider": "provider[\"registry.terraform.io/hashicorp/template\"]",
      "instances": [
        {
          "schema_version": 0,
          "attributes": {
            "filename": null,
            "id": "168ba474b8d5da581cfddf8c443cc278ac8c1d1dba6c08015d4705bd5d02cf40",
            "rendered": "34.97.149.48",
            "template": "${masters}",
            "vars": {
              "masters": "34.97.149.48"
            }
          },
          "sensitive_attributes": []
        }
      ]
    },
    {
      "module": "module.kube-tools-1.module.kube-tools-1",
      "mode": "managed",
      "type": "google_compute_instance",
      "name": "compute",
      "provider": "provider[\"registry.terraform.io/hashicorp/google\"]",
      "instances": [
        {
          "schema_version": 6,
          "attributes": {
            "allow_stopping_for_update": null,
            "attached_disk": [],
            "boot_disk": [
              {
                "auto_delete": true,
                "device_name": "persistent-disk-0",
                "disk_encryption_key_raw": "",
                "disk_encryption_key_sha256": "",
                "initialize_params": [
                  {
                    "image": "https://www.googleapis.com/compute/v1/projects/centos-cloud/global/images/centos-7-v20210122",
                    "labels": {},
                    "size": 20,
                    "type": "pd-standard"
                  }
                ],
                "kms_key_self_link": "",
                "mode": "READ_WRITE",
                "source": "https://www.googleapis.com/compute/v1/projects/savvy-temple-283812/zones/asia-northeast2-a/disks/kube-tools-1"
              }
            ],
            "can_ip_forward": true,
            "confidential_instance_config": [],
            "cpu_platform": "Intel Skylake",
            "current_status": "RUNNING",
            "deletion_protection": false,
            "description": "",
            "desired_status": null,
            "enable_display": false,
            "guest_accelerator": [],
            "hostname": "",
            "id": "projects/savvy-temple-283812/zones/asia-northeast2-a/instances/kube-tools-1",
            "instance_id": "549660073673866280",
            "label_fingerprint": "42WmSpB8rSM=",
            "labels": {},
            "machine_type": "e2-small",
            "metadata": {
              "ssh-keys": "root:ssh-rsa AAAAB3NzaC1yc2EAAAADAQABAAABAQDNLm7NtPHyje8DsKeRbm06VUr44F/CDgdxHQiXW8pj/c0u5NR7X/py7bqtsPw/aK+ID1eKr99ucSvHwIeVfiz7uAtw9IPSu5+qDvuSUPDejxX8B/FBayi1M7W5akYbAk5XaczlXEx1cYwIOYFafNRXEVKgwnWqPEvlQHgpBMFmQwjHw4knepLuqgBbo+dCUxm10WBOZ2b8iWEB19g2bDn+IYSrZU+x/OGZmxxADhIFXMTGm31CYt+8+CWs3F1NDr4/aeVwIczmYJ9xKXeGmbL3LwjVAo8OA0D28QkqLaC/AAYGxAPZ+1SqLkRRtcLchSs4Oil9ameFEUIk/DPAmsa/ kmdr7@ssl-u12-l41f\n"
            },
            "metadata_fingerprint": "2l7XDKZgPRs=",
            "metadata_startup_script": "adduser -m linux1-user\nmkdir -p /home/linux1-user/.ssh\ncat \u003c\u003cEOF \u003e /home/linux1-user/.ssh/authorized_keys\nssh-rsa AAAAB3NzaC1yc2EAAAADAQABAAABAQDNLm7NtPHyje8DsKeRbm06VUr44F/CDgdxHQiXW8pj/c0u5NR7X/py7bqtsPw/aK+ID1eKr99ucSvHwIeVfiz7uAtw9IPSu5+qDvuSUPDejxX8B/FBayi1M7W5akYbAk5XaczlXEx1cYwIOYFafNRXEVKgwnWqPEvlQHgpBMFmQwjHw4knepLuqgBbo+dCUxm10WBOZ2b8iWEB19g2bDn+IYSrZU+x/OGZmxxADhIFXMTGm31CYt+8+CWs3F1NDr4/aeVwIczmYJ9xKXeGmbL3LwjVAo8OA0D28QkqLaC/AAYGxAPZ+1SqLkRRtcLchSs4Oil9ameFEUIk/DPAmsa/ kmdr7@ssl-u12-l41f\nEOF\nchown -R linux1-user:linux1-user /home/linux1-user/.ssh\nchmod 700 /home/linux1-user/.ssh\nchmod 600 /home/linux1-user/.ssh/authorized_keys\necho \"linux1-user   ALL=(ALL) NOPASSWD:ALL\" \u003e\u003e /etc/sudoers\n",
            "min_cpu_platform": "",
            "name": "kube-tools-1",
            "network_interface": [
              {
                "access_config": [
                  {
                    "nat_ip": "34.97.149.48",
                    "network_tier": "PREMIUM",
                    "public_ptr_domain_name": ""
                  }
                ],
                "alias_ip_range": [],
                "name": "nic0",
                "network": "https://www.googleapis.com/compute/v1/projects/savvy-temple-283812/global/networks/kube-cluster",
                "network_ip": "10.174.0.12",
                "subnetwork": "https://www.googleapis.com/compute/v1/projects/savvy-temple-283812/regions/asia-northeast2/subnetworks/kube-cluster",
                "subnetwork_project": "savvy-temple-283812"
              }
            ],
            "project": "savvy-temple-283812",
            "resource_policies": [],
            "scheduling": [
              {
                "automatic_restart": false,
                "node_affinities": [],
                "on_host_maintenance": "MIGRATE",
                "preemptible": false
              }
            ],
            "scratch_disk": [],
            "self_link": "https://www.googleapis.com/compute/v1/projects/savvy-temple-283812/zones/asia-northeast2-a/instances/kube-tools-1",
            "service_account": [
              {
                "email": "271985057587-compute@developer.gserviceaccount.com",
                "scopes": [
                  "https://www.googleapis.com/auth/cloud-platform"
                ]
              }
            ],
            "shielded_instance_config": [
              {
                "enable_integrity_monitoring": true,
                "enable_secure_boot": false,
                "enable_vtpm": true
              }
            ],
            "tags": [
              "kube-cluster"
            ],
            "tags_fingerprint": "qdHGSE7qFFo=",
            "timeouts": null,
            "zone": "asia-northeast2-a"
          },
          "sensitive_attributes": [],
          "private": "eyJlMmJmYjczMC1lY2FhLTExZTYtOGY4OC0zNDM2M2JjN2M0YzAiOnsiY3JlYXRlIjoxMjAwMDAwMDAwMDAwLCJkZWxldGUiOjEyMDAwMDAwMDAwMDAsInVwZGF0ZSI6MTIwMDAwMDAwMDAwMH0sInNjaGVtYV92ZXJzaW9uIjoiNiJ9",
          "dependencies": [
            "google_compute_network.kubernetes"
          ]
        }
      ]
    },
    {
      "module": "module.kube-tools-1.module.kube-tools-1",
      "mode": "managed",
      "type": "null_resource",
      "name": "cmd",
      "provider": "provider[\"registry.terraform.io/hashicorp/null\"]",
      "instances": [
        {
          "schema_version": 0,
          "attributes": {
            "id": "1768570293149654090",
            "triggers": {
              "template_rendered": "34.97.149.48"
            }
          },
          "sensitive_attributes": [],
          "private": "bnVsbA==",
          "dependencies": [
            "google_compute_network.kubernetes",
            "module.kube-tools-1.module.kube-tools-1.data.template_file.inventory",
            "module.kube-tools-1.module.kube-tools-1.google_compute_instance.compute"
          ]
        }
      ]
    },
    {
      "module": "module.kube-worker-1.module.kube-worker-1",
      "mode": "data",
      "type": "template_file",
      "name": "inventory",
      "provider": "provider[\"registry.terraform.io/hashicorp/template\"]",
      "instances": [
        {
          "schema_version": 0,
          "attributes": {
            "filename": null,
            "id": "5ef2fd7d40b3eaeca849b362e38df4da141c3f497f063aa8d679d2cb9634c960",
            "rendered": "34.97.128.89",
            "template": "${masters}",
            "vars": {
              "masters": "34.97.128.89"
            }
          },
          "sensitive_attributes": []
        }
      ]
    },
    {
      "module": "module.kube-worker-1.module.kube-worker-1",
      "mode": "managed",
      "type": "google_compute_instance",
      "name": "compute",
      "provider": "provider[\"registry.terraform.io/hashicorp/google\"]",
      "instances": [
        {
          "schema_version": 6,
          "attributes": {
            "allow_stopping_for_update": null,
            "attached_disk": [],
            "boot_disk": [
              {
                "auto_delete": true,
                "device_name": "persistent-disk-0",
                "disk_encryption_key_raw": "",
                "disk_encryption_key_sha256": "",
                "initialize_params": [
                  {
                    "image": "https://www.googleapis.com/compute/v1/projects/centos-cloud/global/images/centos-7-v20210122",
                    "labels": {},
                    "size": 20,
                    "type": "pd-standard"
                  }
                ],
                "kms_key_self_link": "",
                "mode": "READ_WRITE",
                "source": "https://www.googleapis.com/compute/v1/projects/savvy-temple-283812/zones/asia-northeast2-a/disks/kube-worker-1"
              }
            ],
            "can_ip_forward": true,
            "confidential_instance_config": [],
            "cpu_platform": "Intel Skylake",
            "current_status": "RUNNING",
            "deletion_protection": false,
            "description": "",
            "desired_status": null,
            "enable_display": false,
            "guest_accelerator": [],
            "hostname": "",
            "id": "projects/savvy-temple-283812/zones/asia-northeast2-a/instances/kube-worker-1",
            "instance_id": "4500179698433149840",
            "label_fingerprint": "42WmSpB8rSM=",
            "labels": {},
            "machine_type": "e2-medium",
            "metadata": {
              "ssh-keys": "root:ssh-rsa AAAAB3NzaC1yc2EAAAADAQABAAABAQDNLm7NtPHyje8DsKeRbm06VUr44F/CDgdxHQiXW8pj/c0u5NR7X/py7bqtsPw/aK+ID1eKr99ucSvHwIeVfiz7uAtw9IPSu5+qDvuSUPDejxX8B/FBayi1M7W5akYbAk5XaczlXEx1cYwIOYFafNRXEVKgwnWqPEvlQHgpBMFmQwjHw4knepLuqgBbo+dCUxm10WBOZ2b8iWEB19g2bDn+IYSrZU+x/OGZmxxADhIFXMTGm31CYt+8+CWs3F1NDr4/aeVwIczmYJ9xKXeGmbL3LwjVAo8OA0D28QkqLaC/AAYGxAPZ+1SqLkRRtcLchSs4Oil9ameFEUIk/DPAmsa/ kmdr7@ssl-u12-l41f\n"
            },
            "metadata_fingerprint": "2l7XDKZgPRs=",
            "metadata_startup_script": "adduser -m linux1-user\nmkdir -p /home/linux1-user/.ssh\ncat \u003c\u003cEOF \u003e /home/linux1-user/.ssh/authorized_keys\nssh-rsa AAAAB3NzaC1yc2EAAAADAQABAAABAQDNLm7NtPHyje8DsKeRbm06VUr44F/CDgdxHQiXW8pj/c0u5NR7X/py7bqtsPw/aK+ID1eKr99ucSvHwIeVfiz7uAtw9IPSu5+qDvuSUPDejxX8B/FBayi1M7W5akYbAk5XaczlXEx1cYwIOYFafNRXEVKgwnWqPEvlQHgpBMFmQwjHw4knepLuqgBbo+dCUxm10WBOZ2b8iWEB19g2bDn+IYSrZU+x/OGZmxxADhIFXMTGm31CYt+8+CWs3F1NDr4/aeVwIczmYJ9xKXeGmbL3LwjVAo8OA0D28QkqLaC/AAYGxAPZ+1SqLkRRtcLchSs4Oil9ameFEUIk/DPAmsa/ kmdr7@ssl-u12-l41f\nEOF\nchown -R linux1-user:linux1-user /home/linux1-user/.ssh\nchmod 700 /home/linux1-user/.ssh\nchmod 600 /home/linux1-user/.ssh/authorized_keys\necho \"linux1-user   ALL=(ALL) NOPASSWD:ALL\" \u003e\u003e /etc/sudoers\n",
            "min_cpu_platform": "",
            "name": "kube-worker-1",
            "network_interface": [
              {
                "access_config": [
                  {
                    "nat_ip": "34.97.128.89",
                    "network_tier": "PREMIUM",
                    "public_ptr_domain_name": ""
                  }
                ],
                "alias_ip_range": [],
                "name": "nic0",
                "network": "https://www.googleapis.com/compute/v1/projects/savvy-temple-283812/global/networks/kube-cluster",
                "network_ip": "10.174.0.10",
                "subnetwork": "https://www.googleapis.com/compute/v1/projects/savvy-temple-283812/regions/asia-northeast2/subnetworks/kube-cluster",
                "subnetwork_project": "savvy-temple-283812"
              }
            ],
            "project": "savvy-temple-283812",
            "resource_policies": [],
            "scheduling": [
              {
                "automatic_restart": false,
                "node_affinities": [],
                "on_host_maintenance": "MIGRATE",
                "preemptible": false
              }
            ],
            "scratch_disk": [],
            "self_link": "https://www.googleapis.com/compute/v1/projects/savvy-temple-283812/zones/asia-northeast2-a/instances/kube-worker-1",
            "service_account": [
              {
                "email": "271985057587-compute@developer.gserviceaccount.com",
                "scopes": [
                  "https://www.googleapis.com/auth/cloud-platform"
                ]
              }
            ],
            "shielded_instance_config": [
              {
                "enable_integrity_monitoring": true,
                "enable_secure_boot": false,
                "enable_vtpm": true
              }
            ],
            "tags": [
              "kube-cluster"
            ],
            "tags_fingerprint": "qdHGSE7qFFo=",
            "timeouts": null,
            "zone": "asia-northeast2-a"
          },
          "sensitive_attributes": [],
          "private": "eyJlMmJmYjczMC1lY2FhLTExZTYtOGY4OC0zNDM2M2JjN2M0YzAiOnsiY3JlYXRlIjoxMjAwMDAwMDAwMDAwLCJkZWxldGUiOjEyMDAwMDAwMDAwMDAsInVwZGF0ZSI6MTIwMDAwMDAwMDAwMH0sInNjaGVtYV92ZXJzaW9uIjoiNiJ9",
          "dependencies": [
            "google_compute_network.kubernetes"
          ]
        }
      ]
    },
    {
      "module": "module.kube-worker-1.module.kube-worker-1",
      "mode": "managed",
      "type": "null_resource",
      "name": "cmd",
      "provider": "provider[\"registry.terraform.io/hashicorp/null\"]",
      "instances": [
        {
          "schema_version": 0,
          "attributes": {
            "id": "8722305653929616991",
            "triggers": {
              "template_rendered": "34.97.128.89"
            }
          },
          "sensitive_attributes": [],
          "private": "bnVsbA==",
          "dependencies": [
            "google_compute_network.kubernetes",
            "module.kube-worker-1.module.kube-worker-1.data.template_file.inventory",
            "module.kube-worker-1.module.kube-worker-1.google_compute_instance.compute"
          ]
        }
      ]
    },
    {
      "module": "module.kube-worker-2.module.kube-worker-2",
      "mode": "data",
      "type": "template_file",
      "name": "inventory",
      "provider": "provider[\"registry.terraform.io/hashicorp/template\"]",
      "instances": [
        {
          "schema_version": 0,
          "attributes": {
            "filename": null,
            "id": "9a1799a829280412ecdf1beabc6af5f9a0a8aa8dc6e38c860d5e02c7dff78a11",
            "rendered": "34.97.26.144",
            "template": "${masters}",
            "vars": {
              "masters": "34.97.26.144"
            }
          },
          "sensitive_attributes": []
        }
      ]
    },
    {
      "module": "module.kube-worker-2.module.kube-worker-2",
      "mode": "managed",
      "type": "google_compute_instance",
      "name": "compute",
      "provider": "provider[\"registry.terraform.io/hashicorp/google\"]",
      "instances": [
        {
          "schema_version": 6,
          "attributes": {
            "allow_stopping_for_update": null,
            "attached_disk": [],
            "boot_disk": [
              {
                "auto_delete": true,
                "device_name": "persistent-disk-0",
                "disk_encryption_key_raw": "",
                "disk_encryption_key_sha256": "",
                "initialize_params": [
                  {
                    "image": "https://www.googleapis.com/compute/v1/projects/centos-cloud/global/images/centos-7-v20210122",
                    "labels": {},
                    "size": 20,
                    "type": "pd-standard"
                  }
                ],
                "kms_key_self_link": "",
                "mode": "READ_WRITE",
                "source": "https://www.googleapis.com/compute/v1/projects/savvy-temple-283812/zones/asia-northeast2-b/disks/kube-worker-2"
              }
            ],
            "can_ip_forward": true,
            "confidential_instance_config": [],
            "cpu_platform": "Intel Skylake",
            "current_status": "RUNNING",
            "deletion_protection": false,
            "description": "",
            "desired_status": null,
            "enable_display": false,
            "guest_accelerator": [],
            "hostname": "",
            "id": "projects/savvy-temple-283812/zones/asia-northeast2-b/instances/kube-worker-2",
            "instance_id": "7430699278211238800",
            "label_fingerprint": "42WmSpB8rSM=",
            "labels": {},
            "machine_type": "e2-medium",
            "metadata": {
              "ssh-keys": "root:ssh-rsa AAAAB3NzaC1yc2EAAAADAQABAAABAQDNLm7NtPHyje8DsKeRbm06VUr44F/CDgdxHQiXW8pj/c0u5NR7X/py7bqtsPw/aK+ID1eKr99ucSvHwIeVfiz7uAtw9IPSu5+qDvuSUPDejxX8B/FBayi1M7W5akYbAk5XaczlXEx1cYwIOYFafNRXEVKgwnWqPEvlQHgpBMFmQwjHw4knepLuqgBbo+dCUxm10WBOZ2b8iWEB19g2bDn+IYSrZU+x/OGZmxxADhIFXMTGm31CYt+8+CWs3F1NDr4/aeVwIczmYJ9xKXeGmbL3LwjVAo8OA0D28QkqLaC/AAYGxAPZ+1SqLkRRtcLchSs4Oil9ameFEUIk/DPAmsa/ kmdr7@ssl-u12-l41f\n"
            },
            "metadata_fingerprint": "2l7XDKZgPRs=",
            "metadata_startup_script": "adduser -m linux1-user\nmkdir -p /home/linux1-user/.ssh\ncat \u003c\u003cEOF \u003e /home/linux1-user/.ssh/authorized_keys\nssh-rsa AAAAB3NzaC1yc2EAAAADAQABAAABAQDNLm7NtPHyje8DsKeRbm06VUr44F/CDgdxHQiXW8pj/c0u5NR7X/py7bqtsPw/aK+ID1eKr99ucSvHwIeVfiz7uAtw9IPSu5+qDvuSUPDejxX8B/FBayi1M7W5akYbAk5XaczlXEx1cYwIOYFafNRXEVKgwnWqPEvlQHgpBMFmQwjHw4knepLuqgBbo+dCUxm10WBOZ2b8iWEB19g2bDn+IYSrZU+x/OGZmxxADhIFXMTGm31CYt+8+CWs3F1NDr4/aeVwIczmYJ9xKXeGmbL3LwjVAo8OA0D28QkqLaC/AAYGxAPZ+1SqLkRRtcLchSs4Oil9ameFEUIk/DPAmsa/ kmdr7@ssl-u12-l41f\nEOF\nchown -R linux1-user:linux1-user /home/linux1-user/.ssh\nchmod 700 /home/linux1-user/.ssh\nchmod 600 /home/linux1-user/.ssh/authorized_keys\necho \"linux1-user   ALL=(ALL) NOPASSWD:ALL\" \u003e\u003e /etc/sudoers\n",
            "min_cpu_platform": "",
            "name": "kube-worker-2",
            "network_interface": [
              {
                "access_config": [
                  {
                    "nat_ip": "34.97.26.144",
                    "network_tier": "PREMIUM",
                    "public_ptr_domain_name": ""
                  }
                ],
                "alias_ip_range": [],
                "name": "nic0",
                "network": "https://www.googleapis.com/compute/v1/projects/savvy-temple-283812/global/networks/kube-cluster",
                "network_ip": "10.174.0.11",
                "subnetwork": "https://www.googleapis.com/compute/v1/projects/savvy-temple-283812/regions/asia-northeast2/subnetworks/kube-cluster",
                "subnetwork_project": "savvy-temple-283812"
              }
            ],
            "project": "savvy-temple-283812",
            "resource_policies": [],
            "scheduling": [
              {
                "automatic_restart": false,
                "node_affinities": [],
                "on_host_maintenance": "MIGRATE",
                "preemptible": false
              }
            ],
            "scratch_disk": [],
            "self_link": "https://www.googleapis.com/compute/v1/projects/savvy-temple-283812/zones/asia-northeast2-b/instances/kube-worker-2",
            "service_account": [
              {
                "email": "271985057587-compute@developer.gserviceaccount.com",
                "scopes": [
                  "https://www.googleapis.com/auth/cloud-platform"
                ]
              }
            ],
            "shielded_instance_config": [
              {
                "enable_integrity_monitoring": true,
                "enable_secure_boot": false,
                "enable_vtpm": true
              }
            ],
            "tags": [
              "kube-cluster"
            ],
            "tags_fingerprint": "qdHGSE7qFFo=",
            "timeouts": null,
            "zone": "asia-northeast2-b"
          },
          "sensitive_attributes": [],
          "private": "eyJlMmJmYjczMC1lY2FhLTExZTYtOGY4OC0zNDM2M2JjN2M0YzAiOnsiY3JlYXRlIjoxMjAwMDAwMDAwMDAwLCJkZWxldGUiOjEyMDAwMDAwMDAwMDAsInVwZGF0ZSI6MTIwMDAwMDAwMDAwMH0sInNjaGVtYV92ZXJzaW9uIjoiNiJ9",
          "dependencies": [
            "google_compute_network.kubernetes"
          ]
        }
      ]
    },
    {
      "module": "module.kube-worker-2.module.kube-worker-2",
      "mode": "managed",
      "type": "null_resource",
      "name": "cmd",
      "provider": "provider[\"registry.terraform.io/hashicorp/null\"]",
      "instances": [
        {
          "schema_version": 0,
          "attributes": {
            "id": "1862045427412764510",
            "triggers": {
              "template_rendered": "34.97.26.144"
            }
          },
          "sensitive_attributes": [],
          "private": "bnVsbA==",
          "dependencies": [
            "google_compute_network.kubernetes",
            "module.kube-worker-2.module.kube-worker-2.data.template_file.inventory",
            "module.kube-worker-2.module.kube-worker-2.google_compute_instance.compute"
          ]
        }
      ]
    }
  ]
}
