{
  "version": 4,
  "terraform_version": "0.14.6",
  "serial": 90,
  "lineage": "e7501d77-0a8d-afd3-856d-626b0d1a6765",
  "outputs": {},
  "resources": [
    {
      "mode": "managed",
      "type": "google_compute_firewall",
      "name": "kube-firewall",
      "provider": "provider[\"registry.terraform.io/hashicorp/google\"]",
      "instances": [
        {
          "schema_version": 1,
          "attributes": {
            "allow": [
              {
                "ports": [
                  "22",
                  "6443",
                  "443",
                  "80"
                ],
                "protocol": "tcp"
              },
              {
                "ports": [],
                "protocol": "icmp"
              }
            ],
            "creation_timestamp": "2021-02-10T19:42:22.620-08:00",
            "deny": [],
            "description": "",
            "destination_ranges": [],
            "direction": "INGRESS",
            "disabled": false,
            "enable_logging": null,
            "id": "projects/savvy-temple-283812/global/firewalls/kube-firewall",
            "log_config": [],
            "name": "kube-firewall",
            "network": "https://www.googleapis.com/compute/v1/projects/savvy-temple-283812/global/networks/kube-cluster",
            "priority": 1000,
            "project": "savvy-temple-283812",
            "self_link": "https://www.googleapis.com/compute/v1/projects/savvy-temple-283812/global/firewalls/kube-firewall",
            "source_ranges": [
              "0.0.0.0/0"
            ],
            "source_service_accounts": [],
            "source_tags": [],
            "target_service_accounts": [],
            "target_tags": [
              "kube-cluster"
            ],
            "timeouts": null
          },
          "sensitive_attributes": [],
          "private": "eyJlMmJmYjczMC1lY2FhLTExZTYtOGY4OC0zNDM2M2JjN2M0YzAiOnsiY3JlYXRlIjoyNDAwMDAwMDAwMDAsImRlbGV0ZSI6MjQwMDAwMDAwMDAwLCJ1cGRhdGUiOjI0MDAwMDAwMDAwMH0sInNjaGVtYV92ZXJzaW9uIjoiMSJ9",
          "dependencies": [
            "google_compute_network.kubernetes"
          ]
        }
      ]
    },
    {
      "mode": "managed",
      "type": "google_compute_firewall",
      "name": "kube-firewall-internal",
      "provider": "provider[\"registry.terraform.io/hashicorp/google\"]",
      "instances": [
        {
          "schema_version": 1,
          "attributes": {
            "allow": [
              {
                "ports": [
                  "10250",
                  "10250",
                  "10251",
                  "10252",
                  "10255",
                  "2379",
                  "2380",
                  "5437",
                  "179",
                  "80",
                  "443"
                ],
                "protocol": "tcp"
              },
              {
                "ports": [
                  "4789"
                ],
                "protocol": "udp"
              }
            ],
            "creation_timestamp": "2021-02-10T22:37:38.657-08:00",
            "deny": [],
            "description": "",
            "destination_ranges": [],
            "direction": "INGRESS",
            "disabled": false,
            "enable_logging": null,
            "id": "projects/savvy-temple-283812/global/firewalls/kube-firewall-internal",
            "log_config": [],
            "name": "kube-firewall-internal",
            "network": "https://www.googleapis.com/compute/v1/projects/savvy-temple-283812/global/networks/kube-cluster",
            "priority": 1000,
            "project": "savvy-temple-283812",
            "self_link": "https://www.googleapis.com/compute/v1/projects/savvy-temple-283812/global/firewalls/kube-firewall-internal",
            "source_ranges": [],
            "source_service_accounts": [],
            "source_tags": [
              "kube-cluster"
            ],
            "target_service_accounts": [],
            "target_tags": [
              "kube-cluster"
            ],
            "timeouts": null
          },
          "sensitive_attributes": [],
          "private": "eyJlMmJmYjczMC1lY2FhLTExZTYtOGY4OC0zNDM2M2JjN2M0YzAiOnsiY3JlYXRlIjoyNDAwMDAwMDAwMDAsImRlbGV0ZSI6MjQwMDAwMDAwMDAwLCJ1cGRhdGUiOjI0MDAwMDAwMDAwMH0sInNjaGVtYV92ZXJzaW9uIjoiMSJ9",
          "dependencies": [
            "google_compute_network.kubernetes"
          ]
        }
      ]
    },
    {
      "mode": "managed",
      "type": "google_compute_network",
      "name": "kubernetes",
      "provider": "provider[\"registry.terraform.io/hashicorp/google\"]",
      "instances": [
        {
          "schema_version": 0,
          "attributes": {
            "auto_create_subnetworks": true,
            "delete_default_routes_on_create": false,
            "description": "",
            "gateway_ipv4": "",
            "id": "projects/savvy-temple-283812/global/networks/kube-cluster",
            "mtu": 0,
            "name": "kube-cluster",
            "project": "savvy-temple-283812",
            "routing_mode": "REGIONAL",
            "self_link": "https://www.googleapis.com/compute/v1/projects/savvy-temple-283812/global/networks/kube-cluster",
            "timeouts": null
          },
          "sensitive_attributes": [],
          "private": "eyJlMmJmYjczMC1lY2FhLTExZTYtOGY4OC0zNDM2M2JjN2M0YzAiOnsiY3JlYXRlIjoyNDAwMDAwMDAwMDAsImRlbGV0ZSI6MjQwMDAwMDAwMDAwLCJ1cGRhdGUiOjI0MDAwMDAwMDAwMH19"
        }
      ]
    }
  ]
}
